
Microsoft Visual Studio Solution File, Format Version 12.00
# Visual Studio Version 17
VisualStudioVersion = 17.5.33516.290
MinimumVisualStudioVersion = 10.0.40219.1
Project("{888888A0-9F3D-457C-B088-3A5042F75D52}") = "3OLIDTS RrogelioPérez02", "3OLIDTS RrogelioPérez02\3OLIDTS RrogelioPérez02.pyproj", "{E6867946-4BA8-4A00-B31D-F5AABAB1EC16}"
EndProject
Global
	GlobalSection(SolutionConfigurationPlatforms) = preSolution
		Debug|Any CPU = Debug|Any CPU
		Release|Any CPU = Release|Any CPU
	EndGlobalSection
	GlobalSection(ProjectConfigurationPlatforms) = postSolution
		{E6867946-4BA8-4A00-B31D-F5AABAB1EC16}.Debug|Any CPU.ActiveCfg = Debug|Any CPU
		{E6867946-4BA8-4A00-B31D-F5AABAB1EC16}.Release|Any CPU.ActiveCfg = Release|Any CPU
	EndGlobalSection
	GlobalSection(SolutionProperties) = preSolution
		HideSolutionNode = FALSE
	EndGlobalSection
	GlobalSection(ExtensibilityGlobals) = postSolution
		SolutionGuid = {BAE01E74-2820-4564-9F6F-BA5E7D5D6BC0}
	EndGlobalSection
EndGlobal
